github.com/apache/datasketches-go v0.0.0-20251119134622-22517a622447 h1:9B5BDC0HxnZiunOdZVSqxN2yTtM3agAmrZVeBD9DwoA=
github.com/apache/datasketches-go v0.0.0-20251119134622-22517a622447/go.mod h1:4FkC6sbeiSlLSW/OwrtiTfwj01JYf9AK7DlENi9IIzg=
github.com/apache/datasketches-go v0.0.0-20260112141520-e1cb959c71df h1:aNlsKI1eBiWAiUzJ/496C0dergqspcnBPBy68oO4K9s=
github.com/apache/datasketches-go v0.0.0-20260112141520-e1cb959c71df/go.mod h1:s+dd951Fa5Xk8BV/jy2+hm38Ab4bJ5vN1DNB1eV7kPU=
github.com/apache/datasketches-go v0.1.0-RC1 h1:4M/7NdXhh4TgefHPzEmikwTnsmXJ0NCsvKvZLgybf0Q=
github.com/apache/datasketches-go v0.1.0-RC1/go.mod h1:s+dd951Fa5Xk8BV/jy2+hm38Ab4bJ5vN1DNB1eV7kPU=
github.com/davecgh/go-spew v1.1.1 h1:vj9j/u1bqnvCEfJOwUhtlOARqs3+rkHYY13jYWTU97c=
github.com/davecgh/go-spew v1.1.1/go.mod h1:J7Y8YcW2NihsgmVo/mv3lAwl/skON4iLHjSsI+c5H38=
github.com/pmezard/go-difflib v1.0.0 h1:4DBwDE0NGyQoBHbLQYPwSUPoCMWR5BEzIk/f1lZbAQM=
github.com/pmezard/go-difflib v1.0.0/go.mod h1:iKH77koFhYxTK1pcRnkKkqfTogsbg7gZNVY4sRDYZ/4=
github.com/stretchr/testify v1.8.4 h1:CcVxjf3Q8PM0mHUKJCdn+eZZtm5yQwehR5yeSVQQcUk=
github.com/stretchr/testify v1.8.4/go.mod h1:sz/lmYIOXD/1dqDmKjjqLyZ2RngseejIcXlSw2iwfAo=
github.com/twmb/murmur3 v1.1.8 h1:8Yt9taO/WN3l08xErzjeschgZU2QSrwm1kclYq+0aRg=
github.com/twmb/murmur3 v1.1.8/go.mod h1:Qq/R7NUyOfr65zD+6Q5IHKsJLwP7exErjN6lyyq3OSQ=
golang.org/x/exp v0.0.0-20250408133849-7e4ce0ab07d0 h1:R84qjqJb5nVJMxqWYb3np9L5ZsaDtB+a39EqjV0JSUM=
golang.org/x/exp v0.0.0-20250408133849-7e4ce0ab07d0/go.mod h1:S9Xr4PYopiDyqSyp5NjCrhFrqg6A5zA2E/iPHPhqnS8=
gopkg.in/yaml.v3 v3.0.1 h1:fxVm/GzAzEWqLHuvctI91KS9hhNmmWOoWu0XTYJS7CA=
gopkg.in/yaml.v3 v3.0.1/go.mod h1:K4uyk7z7BCEPqu6E+C64Yfv1cQ7kz7rIZviUmN+EgEM=
